
Microsoft Visual Studio Solution File, Format Version 12.00
# Visual Studio 15
VisualStudioVersion = 15.0.28307.572
MinimumVisualStudioVersion = 10.0.40219.1
Project("{FAE04EC0-301F-11D3-BF4B-00C04F79EFBC}") = "EntitiesModel", "EntitiesModel\EntitiesModel.csproj", "{93613140-D317-4B87-A60E-7091D700BB72}"
EndProject
Project("{FAE04EC0-301F-11D3-BF4B-00C04F79EFBC}") = "BackApi", "BackApi\BackApi.csproj", "{AB0300AC-788D-4202-9878-2C4354B34C2C}"
EndProject
Project("{FAE04EC0-301F-11D3-BF4B-00C04F79EFBC}") = "AssistantApi", "AssistantApi\AssistantApi.csproj", "{C13AD117-689A-4569-8300-5B03BFB9A616}"
EndProject
Global
	GlobalSection(SolutionConfigurationPlatforms) = preSolution
		Debug|Any CPU = Debug|Any CPU
		Release|Any CPU = Release|Any CPU
	EndGlobalSection
	GlobalSection(ProjectConfigurationPlatforms) = postSolution
		{93613140-D317-4B87-A60E-7091D700BB72}.Debug|Any CPU.ActiveCfg = Debug|Any CPU
		{93613140-D317-4B87-A60E-7091D700BB72}.Debug|Any CPU.Build.0 = Debug|Any CPU
		{93613140-D317-4B87-A60E-7091D700BB72}.Release|Any CPU.ActiveCfg = Release|Any CPU
		{93613140-D317-4B87-A60E-7091D700BB72}.Release|Any CPU.Build.0 = Release|Any CPU
		{AB0300AC-788D-4202-9878-2C4354B34C2C}.Debug|Any CPU.ActiveCfg = Debug|Any CPU
		{AB0300AC-788D-4202-9878-2C4354B34C2C}.Debug|Any CPU.Build.0 = Debug|Any CPU
		{AB0300AC-788D-4202-9878-2C4354B34C2C}.Release|Any CPU.ActiveCfg = Release|Any CPU
		{AB0300AC-788D-4202-9878-2C4354B34C2C}.Release|Any CPU.Build.0 = Release|Any CPU
		{C13AD117-689A-4569-8300-5B03BFB9A616}.Debug|Any CPU.ActiveCfg = Debug|Any CPU
		{C13AD117-689A-4569-8300-5B03BFB9A616}.Debug|Any CPU.Build.0 = Debug|Any CPU
		{C13AD117-689A-4569-8300-5B03BFB9A616}.Release|Any CPU.ActiveCfg = Release|Any CPU
		{C13AD117-689A-4569-8300-5B03BFB9A616}.Release|Any CPU.Build.0 = Release|Any CPU
	EndGlobalSection
	GlobalSection(SolutionProperties) = preSolution
		HideSolutionNode = FALSE
	EndGlobalSection
	GlobalSection(ExtensibilityGlobals) = postSolution
		SolutionGuid = {1EC26C59-2DAF-4B07-B086-6053AAEF0C1B}
	EndGlobalSection
EndGlobal
